
Microsoft Visual Studio Solution File, Format Version 12.00
# Visual Studio 2013
VisualStudioVersion = 12.0.30501.0
MinimumVisualStudioVersion = 10.0.40219.1
Project("{FAE04EC0-301F-11D3-BF4B-00C04F79EFBC}") = "ExampleCefTestUnitTestProject", "ExampleCefTestUnitTestProject\ExampleCefTestUnitTestProject.csproj", "{722CD51A-CF1B-4F06-A3F9-F7D05B8A17BD}"
EndProject
Project("{2150E333-8FDC-42A3-9474-1A3956D46DE8}") = "Resources", "Resources", "{89A02E12-A43C-42C8-803A-5629950ED79C}"
	ProjectSection(SolutionItems) = preProject
		Resources\Xilium.CefGlue.dll = Resources\Xilium.CefGlue.dll
	EndProjectSection
EndProject
Project("{FAE04EC0-301F-11D3-BF4B-00C04F79EFBC}") = "CefGlue.CefTest", "CefTest\CefGlue.CefTest.csproj", "{81E2E882-AB64-4E2D-9BC7-25D20754D015}"
EndProject
Global
	GlobalSection(SolutionConfigurationPlatforms) = preSolution
		Debug|Any CPU = Debug|Any CPU
		Release|Any CPU = Release|Any CPU
	EndGlobalSection
	GlobalSection(ProjectConfigurationPlatforms) = postSolution
		{722CD51A-CF1B-4F06-A3F9-F7D05B8A17BD}.Debug|Any CPU.ActiveCfg = Debug|Any CPU
		{722CD51A-CF1B-4F06-A3F9-F7D05B8A17BD}.Debug|Any CPU.Build.0 = Debug|Any CPU
		{722CD51A-CF1B-4F06-A3F9-F7D05B8A17BD}.Release|Any CPU.ActiveCfg = Release|Any CPU
		{722CD51A-CF1B-4F06-A3F9-F7D05B8A17BD}.Release|Any CPU.Build.0 = Release|Any CPU
		{81E2E882-AB64-4E2D-9BC7-25D20754D015}.Debug|Any CPU.ActiveCfg = Debug|Any CPU
		{81E2E882-AB64-4E2D-9BC7-25D20754D015}.Debug|Any CPU.Build.0 = Debug|Any CPU
		{81E2E882-AB64-4E2D-9BC7-25D20754D015}.Release|Any CPU.ActiveCfg = Release|Any CPU
		{81E2E882-AB64-4E2D-9BC7-25D20754D015}.Release|Any CPU.Build.0 = Release|Any CPU
	EndGlobalSection
	GlobalSection(SolutionProperties) = preSolution
		HideSolutionNode = FALSE
	EndGlobalSection
EndGlobal
